
Microsoft Visual Studio Solution File, Format Version 12.00
# Visual Studio Version 17
VisualStudioVersion = 17.4.33213.308
MinimumVisualStudioVersion = 10.0.40219.1
Project("{9A19103F-16F7-4668-BE54-9A1E7A4F7556}") = "Opg4-REST", "Opg4-REST\Opg4-REST.csproj", "{0A35706D-4341-4B04-B986-ABAE2ADCA9B0}"
EndProject
Project("{FAE04EC0-301F-11D3-BF4B-00C04F79EFBC}") = "Opg4-RESTTests", "Opg4-RESTTests\Opg4-RESTTests.csproj", "{F8FF76B6-D739-49D9-A73F-C6DC8D473526}"
EndProject
Global
	GlobalSection(SolutionConfigurationPlatforms) = preSolution
		Debug|Any CPU = Debug|Any CPU
		Release|Any CPU = Release|Any CPU
	EndGlobalSection
	GlobalSection(ProjectConfigurationPlatforms) = postSolution
		{0A35706D-4341-4B04-B986-ABAE2ADCA9B0}.Debug|Any CPU.ActiveCfg = Debug|Any CPU
		{0A35706D-4341-4B04-B986-ABAE2ADCA9B0}.Debug|Any CPU.Build.0 = Debug|Any CPU
		{0A35706D-4341-4B04-B986-ABAE2ADCA9B0}.Release|Any CPU.ActiveCfg = Release|Any CPU
		{0A35706D-4341-4B04-B986-ABAE2ADCA9B0}.Release|Any CPU.Build.0 = Release|Any CPU
		{F8FF76B6-D739-49D9-A73F-C6DC8D473526}.Debug|Any CPU.ActiveCfg = Debug|Any CPU
		{F8FF76B6-D739-49D9-A73F-C6DC8D473526}.Debug|Any CPU.Build.0 = Debug|Any CPU
		{F8FF76B6-D739-49D9-A73F-C6DC8D473526}.Release|Any CPU.ActiveCfg = Release|Any CPU
		{F8FF76B6-D739-49D9-A73F-C6DC8D473526}.Release|Any CPU.Build.0 = Release|Any CPU
	EndGlobalSection
	GlobalSection(SolutionProperties) = preSolution
		HideSolutionNode = FALSE
	EndGlobalSection
	GlobalSection(ExtensibilityGlobals) = postSolution
		SolutionGuid = {D0449909-F1D9-4FAD-919D-84F26D4606EE}
	EndGlobalSection
EndGlobal
